Microsoft Visual Studio Solution File, Format Version 12.00
# Visual Studio Version 17
VisualStudioVersion = 17.8.0.0
MinimumVisualStudioVersion = 17.8.0.0
Project("{9A19103F-16F7-4668-BE54-9A1E7A4F7556}") = "SkAks.AppHost", "SkAks.AppHost\SkAks.AppHost.csproj", "{C371D062-FDF1-4C6A-ABA7-3383CF5045D7}"
EndProject
Project("{9A19103F-16F7-4668-BE54-9A1E7A4F7556}") = "SkAks.ServiceDefaults", "SkAks.ServiceDefaults\SkAks.ServiceDefaults.csproj", "{69B9C6A1-C040-41DA-9BAC-0F24A6247061}"
EndProject
Global
	GlobalSection(SolutionConfigurationPlatforms) = preSolution
		Debug|Any CPU = Debug|Any CPU
		Release|Any CPU = Release|Any CPU
	EndGlobalSection
	GlobalSection(ProjectConfigurationPlatforms) = postSolution
		{C371D062-FDF1-4C6A-ABA7-3383CF5045D7}.Debug|Any CPU.ActiveCfg = Debug|Any CPU
		{C371D062-FDF1-4C6A-ABA7-3383CF5045D7}.Debug|Any CPU.Build.0 = Debug|Any CPU
		{C371D062-FDF1-4C6A-ABA7-3383CF5045D7}.Release|Any CPU.ActiveCfg = Release|Any CPU
		{C371D062-FDF1-4C6A-ABA7-3383CF5045D7}.Release|Any CPU.Build.0 = Release|Any CPU
		{69B9C6A1-C040-41DA-9BAC-0F24A6247061}.Debug|Any CPU.ActiveCfg = Debug|Any CPU
		{69B9C6A1-C040-41DA-9BAC-0F24A6247061}.Debug|Any CPU.Build.0 = Debug|Any CPU
		{69B9C6A1-C040-41DA-9BAC-0F24A6247061}.Release|Any CPU.ActiveCfg = Release|Any CPU
		{69B9C6A1-C040-41DA-9BAC-0F24A6247061}.Release|Any CPU.Build.0 = Release|Any CPU
	EndGlobalSection
	GlobalSection(SolutionProperties) = preSolution
		HideSolutionNode = FALSE
	EndGlobalSection
	GlobalSection(ExtensibilityGlobals) = postSolution
		SolutionGuid = {C5CAB4FE-6275-446F-A6F7-29AAAF55C211}
	EndGlobalSection
EndGlobal
